{
  "name": "js-framework-benchmark-kaiku",
  "version": "1.0.0",
  "lockfileVersion": 2,
  "requires": true,
  "packages": {
    "": {
      "name": "js-framework-benchmark-kaiku",
      "version": "1.0.0",
      "license": "Apache-2.0",
      "dependencies": {
        "kaiku": "1.15.1"
      },
      "devDependencies": {
        "esbuild": "0.12.19"
      }
    },
    "node_modules/esbuild": {
      "version": "0.12.19",
      "resolved": "https://registry.npmjs.org/esbuild/-/esbuild-0.12.19.tgz",
      "integrity": "sha512-5NuT1G6THW7l3fsSCDkcPepn24R0XtyPjKoqKHD8LfhqMXzCdz0mrS9HgO6hIhzVT7zt0T+JGbzCqF5AH8hS9w==",
      "dev": true,
      "hasInstallScript": true,
      "bin": {
        "esbuild": "bin/esbuild"
      }
    },
    "node_modules/kaiku": {
      "version": "1.15.1",
      "resolved": "https://registry.npmjs.org/kaiku/-/kaiku-1.15.1.tgz",
      "integrity": "sha512-5Pq+PPD1uTQntBN97q4I0WnUkbkYvgeeLS0XpHsN3lTFB4d5JOmzGJ55ezA3Zj/91LFVx0wRGc922/VA6uVU9g=="
    }
  },
  "dependencies": {
    "esbuild": {
      "version": "0.12.19",
      "resolved": "https://registry.npmjs.org/esbuild/-/esbuild-0.12.19.tgz",
      "integrity": "sha512-5NuT1G6THW7l3fsSCDkcPepn24R0XtyPjKoqKHD8LfhqMXzCdz0mrS9HgO6hIhzVT7zt0T+JGbzCqF5AH8hS9w==",
      "dev": true
    },
    "kaiku": {
      "version": "1.15.1",
      "resolved": "https://registry.npmjs.org/kaiku/-/kaiku-1.15.1.tgz",
      "integrity": "sha512-5Pq+PPD1uTQntBN97q4I0WnUkbkYvgeeLS0XpHsN3lTFB4d5JOmzGJ55ezA3Zj/91LFVx0wRGc922/VA6uVU9g=="
    }
  }
}
